
Microsoft Visual Studio Solution File, Format Version 12.00
# Visual Studio Version 17
VisualStudioVersion = 17.8.34525.116
MinimumVisualStudioVersion = 10.0.40219.1
Project("{9A19103F-16F7-4668-BE54-9A1E7A4F7556}") = "MaskeTakip", "MaskeTakip\MaskeTakip.csproj", "{53D9C058-6F30-49D7-9165-02C8BEE2CF10}"
EndProject
Project("{9A19103F-16F7-4668-BE54-9A1E7A4F7556}") = "Entites", "Entites\Entites.csproj", "{96CEDE98-93CE-4026-891B-D7DC8EA196ED}"
EndProject
Project("{9A19103F-16F7-4668-BE54-9A1E7A4F7556}") = "Businnes", "Businnes\Businnes.csproj", "{A2799491-7C1A-4314-9665-9AC3C91BC372}"
EndProject
Global
	GlobalSection(SolutionConfigurationPlatforms) = preSolution
		Debug|Any CPU = Debug|Any CPU
		Release|Any CPU = Release|Any CPU
	EndGlobalSection
	GlobalSection(ProjectConfigurationPlatforms) = postSolution
		{53D9C058-6F30-49D7-9165-02C8BEE2CF10}.Debug|Any CPU.ActiveCfg = Debug|Any CPU
		{53D9C058-6F30-49D7-9165-02C8BEE2CF10}.Debug|Any CPU.Build.0 = Debug|Any CPU
		{53D9C058-6F30-49D7-9165-02C8BEE2CF10}.Release|Any CPU.ActiveCfg = Release|Any CPU
		{53D9C058-6F30-49D7-9165-02C8BEE2CF10}.Release|Any CPU.Build.0 = Release|Any CPU
		{96CEDE98-93CE-4026-891B-D7DC8EA196ED}.Debug|Any CPU.ActiveCfg = Debug|Any CPU
		{96CEDE98-93CE-4026-891B-D7DC8EA196ED}.Debug|Any CPU.Build.0 = Debug|Any CPU
		{96CEDE98-93CE-4026-891B-D7DC8EA196ED}.Release|Any CPU.ActiveCfg = Release|Any CPU
		{96CEDE98-93CE-4026-891B-D7DC8EA196ED}.Release|Any CPU.Build.0 = Release|Any CPU
		{A2799491-7C1A-4314-9665-9AC3C91BC372}.Debug|Any CPU.ActiveCfg = Debug|Any CPU
		{A2799491-7C1A-4314-9665-9AC3C91BC372}.Debug|Any CPU.Build.0 = Debug|Any CPU
		{A2799491-7C1A-4314-9665-9AC3C91BC372}.Release|Any CPU.ActiveCfg = Release|Any CPU
		{A2799491-7C1A-4314-9665-9AC3C91BC372}.Release|Any CPU.Build.0 = Release|Any CPU
	EndGlobalSection
	GlobalSection(SolutionProperties) = preSolution
		HideSolutionNode = FALSE
	EndGlobalSection
	GlobalSection(ExtensibilityGlobals) = postSolution
		SolutionGuid = {447B8BA7-1788-4C57-93CC-AFF77BB97B03}
	EndGlobalSection
EndGlobal
